
Microsoft Visual Studio Solution File, Format Version 12.00
# Visual Studio Version 17
VisualStudioVersion = 17.5.002.0
MinimumVisualStudioVersion = 10.0.40219.1
Project("{9A19103F-16F7-4668-BE54-9A1E7A4F7556}") = "PlayerManagementService", "PlayerManagementService.csproj", "{D589E5E3-639F-4B96-A3B5-E14BF494B1F0}"
EndProject
Global
	GlobalSection(SolutionConfigurationPlatforms) = preSolution
		Debug|Any CPU = Debug|Any CPU
		Release|Any CPU = Release|Any CPU
	EndGlobalSection
	GlobalSection(ProjectConfigurationPlatforms) = postSolution
		{D589E5E3-639F-4B96-A3B5-E14BF494B1F0}.Debug|Any CPU.ActiveCfg = Debug|Any CPU
		{D589E5E3-639F-4B96-A3B5-E14BF494B1F0}.Debug|Any CPU.Build.0 = Debug|Any CPU
		{D589E5E3-639F-4B96-A3B5-E14BF494B1F0}.Release|Any CPU.ActiveCfg = Release|Any CPU
		{D589E5E3-639F-4B96-A3B5-E14BF494B1F0}.Release|Any CPU.Build.0 = Release|Any CPU
	EndGlobalSection
	GlobalSection(SolutionProperties) = preSolution
		HideSolutionNode = FALSE
	EndGlobalSection
	GlobalSection(ExtensibilityGlobals) = postSolution
		SolutionGuid = {295CC722-BFDE-4187-993F-AAA56151CF28}
	EndGlobalSection
EndGlobal
